
Microsoft Visual Studio Solution File, Format Version 12.00
# Visual Studio Version 17
VisualStudioVersion = 17.4.33110.190
MinimumVisualStudioVersion = 10.0.40219.1
Project("{9A19103F-16F7-4668-BE54-9A1E7A4F7556}") = "Net6APISample", "Net6APISample\Net6APISample.csproj", "{C35BD730-0C99-4895-8B54-E6EDC08757CC}"
EndProject
Project("{9A19103F-16F7-4668-BE54-9A1E7A4F7556}") = "Shared", "Shared\Shared.csproj", "{F99EC997-900E-4B31-AE00-1CBB6E2721D8}"
EndProject
Project("{9A19103F-16F7-4668-BE54-9A1E7A4F7556}") = "Contracts", "Contracts\Contracts.csproj", "{17355897-92B3-445B-8390-264A0D19FDCB}"
EndProject
Project("{9A19103F-16F7-4668-BE54-9A1E7A4F7556}") = "LoggerService", "LoggerService\LoggerService.csproj", "{42706AD8-CE73-4E05-A93A-42CEB516A0F9}"
EndProject
Project("{9A19103F-16F7-4668-BE54-9A1E7A4F7556}") = "Entities", "Entities\Entities.csproj", "{9D2FDB92-F204-4503-B4FA-A21459C19774}"
EndProject
Project("{9A19103F-16F7-4668-BE54-9A1E7A4F7556}") = "Repository", "Repository\Repository.csproj", "{F516F3FE-99AB-4054-AA44-78FC9C4FAFF9}"
EndProject
Project("{9A19103F-16F7-4668-BE54-9A1E7A4F7556}") = "Service.Contracts", "Service.Contracts\Service.Contracts.csproj", "{EFC1781F-1E36-4EBC-8CFE-E87D459AA30A}"
EndProject
Project("{9A19103F-16F7-4668-BE54-9A1E7A4F7556}") = "Service", "Service\Service.csproj", "{5AAA11F1-2665-4F53-9339-C265FAADEB47}"
EndProject
Project("{9A19103F-16F7-4668-BE54-9A1E7A4F7556}") = "Net6APISample.Presentation", "Net6APISample.Presentation\Net6APISample.Presentation.csproj", "{D03BF0F0-72D7-4F2B-B9A1-6602E80CB8AA}"
EndProject
Global
	GlobalSection(SolutionConfigurationPlatforms) = preSolution
		Debug|Any CPU = Debug|Any CPU
		Release|Any CPU = Release|Any CPU
	EndGlobalSection
	GlobalSection(ProjectConfigurationPlatforms) = postSolution
		{C35BD730-0C99-4895-8B54-E6EDC08757CC}.Debug|Any CPU.ActiveCfg = Debug|Any CPU
		{C35BD730-0C99-4895-8B54-E6EDC08757CC}.Debug|Any CPU.Build.0 = Debug|Any CPU
		{C35BD730-0C99-4895-8B54-E6EDC08757CC}.Release|Any CPU.ActiveCfg = Release|Any CPU
		{C35BD730-0C99-4895-8B54-E6EDC08757CC}.Release|Any CPU.Build.0 = Release|Any CPU
		{F99EC997-900E-4B31-AE00-1CBB6E2721D8}.Debug|Any CPU.ActiveCfg = Debug|Any CPU
		{F99EC997-900E-4B31-AE00-1CBB6E2721D8}.Debug|Any CPU.Build.0 = Debug|Any CPU
		{F99EC997-900E-4B31-AE00-1CBB6E2721D8}.Release|Any CPU.ActiveCfg = Release|Any CPU
		{F99EC997-900E-4B31-AE00-1CBB6E2721D8}.Release|Any CPU.Build.0 = Release|Any CPU
		{17355897-92B3-445B-8390-264A0D19FDCB}.Debug|Any CPU.ActiveCfg = Debug|Any CPU
		{17355897-92B3-445B-8390-264A0D19FDCB}.Debug|Any CPU.Build.0 = Debug|Any CPU
		{17355897-92B3-445B-8390-264A0D19FDCB}.Release|Any CPU.ActiveCfg = Release|Any CPU
		{17355897-92B3-445B-8390-264A0D19FDCB}.Release|Any CPU.Build.0 = Release|Any CPU
		{42706AD8-CE73-4E05-A93A-42CEB516A0F9}.Debug|Any CPU.ActiveCfg = Debug|Any CPU
		{42706AD8-CE73-4E05-A93A-42CEB516A0F9}.Debug|Any CPU.Build.0 = Debug|Any CPU
		{42706AD8-CE73-4E05-A93A-42CEB516A0F9}.Release|Any CPU.ActiveCfg = Release|Any CPU
		{42706AD8-CE73-4E05-A93A-42CEB516A0F9}.Release|Any CPU.Build.0 = Release|Any CPU
		{9D2FDB92-F204-4503-B4FA-A21459C19774}.Debug|Any CPU.ActiveCfg = Debug|Any CPU
		{9D2FDB92-F204-4503-B4FA-A21459C19774}.Debug|Any CPU.Build.0 = Debug|Any CPU
		{9D2FDB92-F204-4503-B4FA-A21459C19774}.Release|Any CPU.ActiveCfg = Release|Any CPU
		{9D2FDB92-F204-4503-B4FA-A21459C19774}.Release|Any CPU.Build.0 = Release|Any CPU
		{F516F3FE-99AB-4054-AA44-78FC9C4FAFF9}.Debug|Any CPU.ActiveCfg = Debug|Any CPU
		{F516F3FE-99AB-4054-AA44-78FC9C4FAFF9}.Debug|Any CPU.Build.0 = Debug|Any CPU
		{F516F3FE-99AB-4054-AA44-78FC9C4FAFF9}.Release|Any CPU.ActiveCfg = Release|Any CPU
		{F516F3FE-99AB-4054-AA44-78FC9C4FAFF9}.Release|Any CPU.Build.0 = Release|Any CPU
		{EFC1781F-1E36-4EBC-8CFE-E87D459AA30A}.Debug|Any CPU.ActiveCfg = Debug|Any CPU
		{EFC1781F-1E36-4EBC-8CFE-E87D459AA30A}.Debug|Any CPU.Build.0 = Debug|Any CPU
		{EFC1781F-1E36-4EBC-8CFE-E87D459AA30A}.Release|Any CPU.ActiveCfg = Release|Any CPU
		{EFC1781F-1E36-4EBC-8CFE-E87D459AA30A}.Release|Any CPU.Build.0 = Release|Any CPU
		{5AAA11F1-2665-4F53-9339-C265FAADEB47}.Debug|Any CPU.ActiveCfg = Debug|Any CPU
		{5AAA11F1-2665-4F53-9339-C265FAADEB47}.Debug|Any CPU.Build.0 = Debug|Any CPU
		{5AAA11F1-2665-4F53-9339-C265FAADEB47}.Release|Any CPU.ActiveCfg = Release|Any CPU
		{5AAA11F1-2665-4F53-9339-C265FAADEB47}.Release|Any CPU.Build.0 = Release|Any CPU
		{D03BF0F0-72D7-4F2B-B9A1-6602E80CB8AA}.Debug|Any CPU.ActiveCfg = Debug|Any CPU
		{D03BF0F0-72D7-4F2B-B9A1-6602E80CB8AA}.Debug|Any CPU.Build.0 = Debug|Any CPU
		{D03BF0F0-72D7-4F2B-B9A1-6602E80CB8AA}.Release|Any CPU.ActiveCfg = Release|Any CPU
		{D03BF0F0-72D7-4F2B-B9A1-6602E80CB8AA}.Release|Any CPU.Build.0 = Release|Any CPU
	EndGlobalSection
	GlobalSection(SolutionProperties) = preSolution
		HideSolutionNode = FALSE
	EndGlobalSection
	GlobalSection(ExtensibilityGlobals) = postSolution
		SolutionGuid = {8EA330FB-F466-488E-97FA-87526EAC0A0E}
	EndGlobalSection
EndGlobal
